
Microsoft Visual Studio Solution File, Format Version 12.00
# Visual Studio 15
VisualStudioVersion = 15.0.26114.2
MinimumVisualStudioVersion = 10.0.40219.1
Project("{FAE04EC0-301F-11D3-BF4B-00C04F79EFBC}") = "DayPrinter", "DayPrinter\DayPrinter.csproj", "{B3E76AAA-3BE8-49C7-A831-64EF68C6F28D}"
EndProject
Project("{FAE04EC0-301F-11D3-BF4B-00C04F79EFBC}") = "ElseIf", "ElseIf\ElseIf.csproj", "{C7008ACC-EE4B-49CC-B7FB-5F9F95E257A9}"
EndProject
Project("{FAE04EC0-301F-11D3-BF4B-00C04F79EFBC}") = "TempConv", "TempConv\TempConv.csproj", "{6D18F93D-E26F-4FF4-ABF2-1450FD9FB19D}"
EndProject
Project("{FAE04EC0-301F-11D3-BF4B-00C04F79EFBC}") = "HelloMethods", "HelloMethods\HelloMethods.csproj", "{9B69E0D2-FBD5-4FB4-9D40-768AE4F57300}"
EndProject
Project("{FAE04EC0-301F-11D3-BF4B-00C04F79EFBC}") = "Gradebook", "Gradebook\Gradebook.csproj", "{9E08496B-2501-4CBF-844F-8FD7BA97F4E6}"
EndProject
Project("{FAE04EC0-301F-11D3-BF4B-00C04F79EFBC}") = "GradebookDict", "GradebookDict\GradebookDict.csproj", "{EFCB1B91-2E92-478F-BFF7-013FF6911DCC}"
EndProject
Project("{FAE04EC0-301F-11D3-BF4B-00C04F79EFBC}") = "GradebookArray", "GradebookArray\GradebookArray.csproj", "{89051A0E-8D18-48C3-B4E6-D05F62D252CE}"
EndProject
Project("{FAE04EC0-301F-11D3-BF4B-00C04F79EFBC}") = "HelloWorld", "HelloWorld\HelloWorld.csproj", "{76BDB725-16E5-4DD9-BB7A-748840DA6DD6}"
EndProject
Project("{FAE04EC0-301F-11D3-BF4B-00C04F79EFBC}") = "Area", "Area\Area.csproj", "{979F953A-B3BA-478E-BC7D-00C66D8D61A8}"
EndProject
Project("{FAE04EC0-301F-11D3-BF4B-00C04F79EFBC}") = "Rectangle", "Rectangle\Rectangle.csproj", "{D85C39F3-CF1A-4B46-8A45-8C7AE26ED7D3}"
EndProject
Project("{FAE04EC0-301F-11D3-BF4B-00C04F79EFBC}") = "MPG", "MPG\MPG.csproj", "{4EC54EE5-65C3-47A4-9305-A5E5CFB34835}"
EndProject
Project("{FAE04EC0-301F-11D3-BF4B-00C04F79EFBC}") = "Wonderland", "Wonderland\Wonderland.csproj", "{E8DA2C99-81A6-4758-AE79-BAEB6891F687}"
EndProject
Project("{FAE04EC0-301F-11D3-BF4B-00C04F79EFBC}") = "EvenNumbersSum", "EvenNumbersSum\EvenNumbersSum.csproj", "{93B6A288-2DB8-42FE-965E-5E8FE233B767}"
EndProject
Project("{FAE04EC0-301F-11D3-BF4B-00C04F79EFBC}") = "FiveLetterList", "FiveLetterList\FiveLetterList.csproj", "{D4EE2AE9-5443-4BF4-9FEB-FA8B89AEAEFE}"
EndProject
Project("{FAE04EC0-301F-11D3-BF4B-00C04F79EFBC}") = "WorkingWithStrings", "WorkingWithStrings\WorkingWithStrings.csproj", "{FF35227A-C37A-49CB-91EE-1CDF766063C8}"
EndProject
Project("{FAE04EC0-301F-11D3-BF4B-00C04F79EFBC}") = "CountingCharacters", "CountingCharacters\CountingCharacters.csproj", "{FCE10B79-FD6E-4283-AB2D-6DF06E2E3E81}"
EndProject
Project("{FAE04EC0-301F-11D3-BF4B-00C04F79EFBC}") = "ArrayLoop", "ArrayLoop\ArrayLoop.csproj", "{C4681A16-1D58-4801-AEAE-A2FA8A98B911}"
EndProject
Project("{FAE04EC0-301F-11D3-BF4B-00C04F79EFBC}") = "StudentRoster", "StudentRoster\StudentRoster.csproj", "{D91456CE-7886-4E95-BA26-9D124057FF52}"
EndProject
Project("{FAE04EC0-301F-11D3-BF4B-00C04F79EFBC}") = "School", "School\School.csproj", "{0B226DA3-A506-4204-99C7-84E1AFF467EA}"
EndProject
Project("{FAE04EC0-301F-11D3-BF4B-00C04F79EFBC}") = "RestaurantMenu", "RestaurantMenu\RestaurantMenu.csproj", "{D033E2BE-0989-47E1-9DF3-F10A0FEB3368}"
EndProject
Global
	GlobalSection(SolutionConfigurationPlatforms) = preSolution
		Debug|Any CPU = Debug|Any CPU
		Release|Any CPU = Release|Any CPU
	EndGlobalSection
	GlobalSection(ProjectConfigurationPlatforms) = postSolution
		{B3E76AAA-3BE8-49C7-A831-64EF68C6F28D}.Debug|Any CPU.ActiveCfg = Debug|Any CPU
		{B3E76AAA-3BE8-49C7-A831-64EF68C6F28D}.Debug|Any CPU.Build.0 = Debug|Any CPU
		{B3E76AAA-3BE8-49C7-A831-64EF68C6F28D}.Release|Any CPU.ActiveCfg = Release|Any CPU
		{B3E76AAA-3BE8-49C7-A831-64EF68C6F28D}.Release|Any CPU.Build.0 = Release|Any CPU
		{C7008ACC-EE4B-49CC-B7FB-5F9F95E257A9}.Debug|Any CPU.ActiveCfg = Debug|Any CPU
		{C7008ACC-EE4B-49CC-B7FB-5F9F95E257A9}.Debug|Any CPU.Build.0 = Debug|Any CPU
		{C7008ACC-EE4B-49CC-B7FB-5F9F95E257A9}.Release|Any CPU.ActiveCfg = Release|Any CPU
		{C7008ACC-EE4B-49CC-B7FB-5F9F95E257A9}.Release|Any CPU.Build.0 = Release|Any CPU
		{6D18F93D-E26F-4FF4-ABF2-1450FD9FB19D}.Debug|Any CPU.ActiveCfg = Debug|Any CPU
		{6D18F93D-E26F-4FF4-ABF2-1450FD9FB19D}.Debug|Any CPU.Build.0 = Debug|Any CPU
		{6D18F93D-E26F-4FF4-ABF2-1450FD9FB19D}.Release|Any CPU.ActiveCfg = Release|Any CPU
		{6D18F93D-E26F-4FF4-ABF2-1450FD9FB19D}.Release|Any CPU.Build.0 = Release|Any CPU
		{9B69E0D2-FBD5-4FB4-9D40-768AE4F57300}.Debug|Any CPU.ActiveCfg = Debug|Any CPU
		{9B69E0D2-FBD5-4FB4-9D40-768AE4F57300}.Debug|Any CPU.Build.0 = Debug|Any CPU
		{9B69E0D2-FBD5-4FB4-9D40-768AE4F57300}.Release|Any CPU.ActiveCfg = Release|Any CPU
		{9B69E0D2-FBD5-4FB4-9D40-768AE4F57300}.Release|Any CPU.Build.0 = Release|Any CPU
		{9E08496B-2501-4CBF-844F-8FD7BA97F4E6}.Debug|Any CPU.ActiveCfg = Debug|Any CPU
		{9E08496B-2501-4CBF-844F-8FD7BA97F4E6}.Debug|Any CPU.Build.0 = Debug|Any CPU
		{9E08496B-2501-4CBF-844F-8FD7BA97F4E6}.Release|Any CPU.ActiveCfg = Release|Any CPU
		{9E08496B-2501-4CBF-844F-8FD7BA97F4E6}.Release|Any CPU.Build.0 = Release|Any CPU
		{EFCB1B91-2E92-478F-BFF7-013FF6911DCC}.Debug|Any CPU.ActiveCfg = Debug|Any CPU
		{EFCB1B91-2E92-478F-BFF7-013FF6911DCC}.Debug|Any CPU.Build.0 = Debug|Any CPU
		{EFCB1B91-2E92-478F-BFF7-013FF6911DCC}.Release|Any CPU.ActiveCfg = Release|Any CPU
		{EFCB1B91-2E92-478F-BFF7-013FF6911DCC}.Release|Any CPU.Build.0 = Release|Any CPU
		{89051A0E-8D18-48C3-B4E6-D05F62D252CE}.Debug|Any CPU.ActiveCfg = Debug|Any CPU
		{89051A0E-8D18-48C3-B4E6-D05F62D252CE}.Debug|Any CPU.Build.0 = Debug|Any CPU
		{89051A0E-8D18-48C3-B4E6-D05F62D252CE}.Release|Any CPU.ActiveCfg = Release|Any CPU
		{89051A0E-8D18-48C3-B4E6-D05F62D252CE}.Release|Any CPU.Build.0 = Release|Any CPU
		{76BDB725-16E5-4DD9-BB7A-748840DA6DD6}.Debug|Any CPU.ActiveCfg = Debug|Any CPU
		{76BDB725-16E5-4DD9-BB7A-748840DA6DD6}.Debug|Any CPU.Build.0 = Debug|Any CPU
		{76BDB725-16E5-4DD9-BB7A-748840DA6DD6}.Release|Any CPU.ActiveCfg = Release|Any CPU
		{76BDB725-16E5-4DD9-BB7A-748840DA6DD6}.Release|Any CPU.Build.0 = Release|Any CPU
		{979F953A-B3BA-478E-BC7D-00C66D8D61A8}.Debug|Any CPU.ActiveCfg = Debug|Any CPU
		{979F953A-B3BA-478E-BC7D-00C66D8D61A8}.Debug|Any CPU.Build.0 = Debug|Any CPU
		{979F953A-B3BA-478E-BC7D-00C66D8D61A8}.Release|Any CPU.ActiveCfg = Release|Any CPU
		{979F953A-B3BA-478E-BC7D-00C66D8D61A8}.Release|Any CPU.Build.0 = Release|Any CPU
		{D85C39F3-CF1A-4B46-8A45-8C7AE26ED7D3}.Debug|Any CPU.ActiveCfg = Debug|Any CPU
		{D85C39F3-CF1A-4B46-8A45-8C7AE26ED7D3}.Debug|Any CPU.Build.0 = Debug|Any CPU
		{D85C39F3-CF1A-4B46-8A45-8C7AE26ED7D3}.Release|Any CPU.ActiveCfg = Release|Any CPU
		{D85C39F3-CF1A-4B46-8A45-8C7AE26ED7D3}.Release|Any CPU.Build.0 = Release|Any CPU
		{4EC54EE5-65C3-47A4-9305-A5E5CFB34835}.Debug|Any CPU.ActiveCfg = Debug|Any CPU
		{4EC54EE5-65C3-47A4-9305-A5E5CFB34835}.Debug|Any CPU.Build.0 = Debug|Any CPU
		{4EC54EE5-65C3-47A4-9305-A5E5CFB34835}.Release|Any CPU.ActiveCfg = Release|Any CPU
		{4EC54EE5-65C3-47A4-9305-A5E5CFB34835}.Release|Any CPU.Build.0 = Release|Any CPU
		{E8DA2C99-81A6-4758-AE79-BAEB6891F687}.Debug|Any CPU.ActiveCfg = Debug|Any CPU
		{E8DA2C99-81A6-4758-AE79-BAEB6891F687}.Debug|Any CPU.Build.0 = Debug|Any CPU
		{E8DA2C99-81A6-4758-AE79-BAEB6891F687}.Release|Any CPU.ActiveCfg = Release|Any CPU
		{E8DA2C99-81A6-4758-AE79-BAEB6891F687}.Release|Any CPU.Build.0 = Release|Any CPU
		{93B6A288-2DB8-42FE-965E-5E8FE233B767}.Debug|Any CPU.ActiveCfg = Debug|Any CPU
		{93B6A288-2DB8-42FE-965E-5E8FE233B767}.Debug|Any CPU.Build.0 = Debug|Any CPU
		{93B6A288-2DB8-42FE-965E-5E8FE233B767}.Release|Any CPU.ActiveCfg = Release|Any CPU
		{93B6A288-2DB8-42FE-965E-5E8FE233B767}.Release|Any CPU.Build.0 = Release|Any CPU
		{D4EE2AE9-5443-4BF4-9FEB-FA8B89AEAEFE}.Debug|Any CPU.ActiveCfg = Debug|Any CPU
		{D4EE2AE9-5443-4BF4-9FEB-FA8B89AEAEFE}.Debug|Any CPU.Build.0 = Debug|Any CPU
		{D4EE2AE9-5443-4BF4-9FEB-FA8B89AEAEFE}.Release|Any CPU.ActiveCfg = Release|Any CPU
		{D4EE2AE9-5443-4BF4-9FEB-FA8B89AEAEFE}.Release|Any CPU.Build.0 = Release|Any CPU
		{FF35227A-C37A-49CB-91EE-1CDF766063C8}.Debug|Any CPU.ActiveCfg = Debug|Any CPU
		{FF35227A-C37A-49CB-91EE-1CDF766063C8}.Debug|Any CPU.Build.0 = Debug|Any CPU
		{FF35227A-C37A-49CB-91EE-1CDF766063C8}.Release|Any CPU.ActiveCfg = Release|Any CPU
		{FF35227A-C37A-49CB-91EE-1CDF766063C8}.Release|Any CPU.Build.0 = Release|Any CPU
		{FCE10B79-FD6E-4283-AB2D-6DF06E2E3E81}.Debug|Any CPU.ActiveCfg = Debug|Any CPU
		{FCE10B79-FD6E-4283-AB2D-6DF06E2E3E81}.Debug|Any CPU.Build.0 = Debug|Any CPU
		{FCE10B79-FD6E-4283-AB2D-6DF06E2E3E81}.Release|Any CPU.ActiveCfg = Release|Any CPU
		{FCE10B79-FD6E-4283-AB2D-6DF06E2E3E81}.Release|Any CPU.Build.0 = Release|Any CPU
		{C4681A16-1D58-4801-AEAE-A2FA8A98B911}.Debug|Any CPU.ActiveCfg = Debug|Any CPU
		{C4681A16-1D58-4801-AEAE-A2FA8A98B911}.Debug|Any CPU.Build.0 = Debug|Any CPU
		{C4681A16-1D58-4801-AEAE-A2FA8A98B911}.Release|Any CPU.ActiveCfg = Release|Any CPU
		{C4681A16-1D58-4801-AEAE-A2FA8A98B911}.Release|Any CPU.Build.0 = Release|Any CPU
		{D91456CE-7886-4E95-BA26-9D124057FF52}.Debug|Any CPU.ActiveCfg = Debug|Any CPU
		{D91456CE-7886-4E95-BA26-9D124057FF52}.Debug|Any CPU.Build.0 = Debug|Any CPU
		{D91456CE-7886-4E95-BA26-9D124057FF52}.Release|Any CPU.ActiveCfg = Release|Any CPU
		{D91456CE-7886-4E95-BA26-9D124057FF52}.Release|Any CPU.Build.0 = Release|Any CPU
		{0B226DA3-A506-4204-99C7-84E1AFF467EA}.Debug|Any CPU.ActiveCfg = Debug|Any CPU
		{0B226DA3-A506-4204-99C7-84E1AFF467EA}.Debug|Any CPU.Build.0 = Debug|Any CPU
		{0B226DA3-A506-4204-99C7-84E1AFF467EA}.Release|Any CPU.ActiveCfg = Release|Any CPU
		{0B226DA3-A506-4204-99C7-84E1AFF467EA}.Release|Any CPU.Build.0 = Release|Any CPU
		{D033E2BE-0989-47E1-9DF3-F10A0FEB3368}.Debug|Any CPU.ActiveCfg = Debug|Any CPU
		{D033E2BE-0989-47E1-9DF3-F10A0FEB3368}.Debug|Any CPU.Build.0 = Debug|Any CPU
		{D033E2BE-0989-47E1-9DF3-F10A0FEB3368}.Release|Any CPU.ActiveCfg = Release|Any CPU
		{D033E2BE-0989-47E1-9DF3-F10A0FEB3368}.Release|Any CPU.Build.0 = Release|Any CPU
	EndGlobalSection
	GlobalSection(SolutionProperties) = preSolution
		HideSolutionNode = FALSE
	EndGlobalSection
EndGlobal
